
Microsoft Visual Studio Solution File, Format Version 12.00
# Visual Studio Version 16
VisualStudioVersion = 16.0.30907.101
MinimumVisualStudioVersion = 10.0.40219.1
Project("{FAE04EC0-301F-11D3-BF4B-00C04F79EFBC}") = "FootballBlast", "FootballBlast\FootballBlast.csproj", "{40683909-1CDF-4BC0-AF35-9C621918CC05}"
EndProject
Global
	GlobalSection(SolutionConfigurationPlatforms) = preSolution
		Debug|Any CPU = Debug|Any CPU
		Release|Any CPU = Release|Any CPU
	EndGlobalSection
	GlobalSection(ProjectConfigurationPlatforms) = postSolution
		{40683909-1CDF-4BC0-AF35-9C621918CC05}.Debug|Any CPU.ActiveCfg = Debug|Any CPU
		{40683909-1CDF-4BC0-AF35-9C621918CC05}.Debug|Any CPU.Build.0 = Debug|Any CPU
		{40683909-1CDF-4BC0-AF35-9C621918CC05}.Release|Any CPU.ActiveCfg = Release|Any CPU
		{40683909-1CDF-4BC0-AF35-9C621918CC05}.Release|Any CPU.Build.0 = Release|Any CPU
	EndGlobalSection
	GlobalSection(SolutionProperties) = preSolution
		HideSolutionNode = FALSE
	EndGlobalSection
	GlobalSection(ExtensibilityGlobals) = postSolution
		SolutionGuid = {349CDD4B-024E-461F-BE5E-C359FF6201D6}
	EndGlobalSection
EndGlobal
